
Microsoft Visual Studio Solution File, Format Version 12.00
# Visual Studio 2012
Project("{FAE04EC0-301F-11D3-BF4B-00C04F79EFBC}") = "DbHidrator", "DbHidrator\DbHidrator.csproj", "{C69B8287-0BF6-4D4B-8283-5C230DE24CE9}"
EndProject
Project("{FAE04EC0-301F-11D3-BF4B-00C04F79EFBC}") = "Unit test", "Unit test\Unit test.csproj", "{DDED78ED-0447-430C-A369-1D5DFFAEF5DB}"
EndProject
Project("{FAE04EC0-301F-11D3-BF4B-00C04F79EFBC}") = "DbHidratorClient", "DbHidratorClient\DbHidratorClient.csproj", "{B38BF86E-DB97-4256-893A-63CC7879B28A}"
EndProject
Global
	GlobalSection(SolutionConfigurationPlatforms) = preSolution
		Debug|Any CPU = Debug|Any CPU
		Release|Any CPU = Release|Any CPU
	EndGlobalSection
	GlobalSection(ProjectConfigurationPlatforms) = postSolution
		{C69B8287-0BF6-4D4B-8283-5C230DE24CE9}.Debug|Any CPU.ActiveCfg = Debug|Any CPU
		{C69B8287-0BF6-4D4B-8283-5C230DE24CE9}.Debug|Any CPU.Build.0 = Debug|Any CPU
		{C69B8287-0BF6-4D4B-8283-5C230DE24CE9}.Release|Any CPU.ActiveCfg = Release|Any CPU
		{C69B8287-0BF6-4D4B-8283-5C230DE24CE9}.Release|Any CPU.Build.0 = Release|Any CPU
		{DDED78ED-0447-430C-A369-1D5DFFAEF5DB}.Debug|Any CPU.ActiveCfg = Debug|Any CPU
		{DDED78ED-0447-430C-A369-1D5DFFAEF5DB}.Debug|Any CPU.Build.0 = Debug|Any CPU
		{DDED78ED-0447-430C-A369-1D5DFFAEF5DB}.Release|Any CPU.ActiveCfg = Release|Any CPU
		{DDED78ED-0447-430C-A369-1D5DFFAEF5DB}.Release|Any CPU.Build.0 = Release|Any CPU
		{B38BF86E-DB97-4256-893A-63CC7879B28A}.Debug|Any CPU.ActiveCfg = Debug|Any CPU
		{B38BF86E-DB97-4256-893A-63CC7879B28A}.Debug|Any CPU.Build.0 = Debug|Any CPU
		{B38BF86E-DB97-4256-893A-63CC7879B28A}.Release|Any CPU.ActiveCfg = Release|Any CPU
		{B38BF86E-DB97-4256-893A-63CC7879B28A}.Release|Any CPU.Build.0 = Release|Any CPU
	EndGlobalSection
	GlobalSection(SolutionProperties) = preSolution
		HideSolutionNode = FALSE
	EndGlobalSection
EndGlobal
